
Microsoft Visual Studio Solution File, Format Version 12.00
# Visual Studio Version 16
VisualStudioVersion = 16.0.30804.86
MinimumVisualStudioVersion = 10.0.40219.1
Project("{FAE04EC0-301F-11D3-BF4B-00C04F79EFBC}") = "Assignment4", "Assignment4.csproj", "{102A6D2B-15BC-4339-9D2E-57AA3A367090}"
EndProject
Global
	GlobalSection(SolutionConfigurationPlatforms) = preSolution
		Debug|Any CPU = Debug|Any CPU
		Release|Any CPU = Release|Any CPU
	EndGlobalSection
	GlobalSection(ProjectConfigurationPlatforms) = postSolution
		{102A6D2B-15BC-4339-9D2E-57AA3A367090}.Debug|Any CPU.ActiveCfg = Debug|Any CPU
		{102A6D2B-15BC-4339-9D2E-57AA3A367090}.Debug|Any CPU.Build.0 = Debug|Any CPU
		{102A6D2B-15BC-4339-9D2E-57AA3A367090}.Release|Any CPU.ActiveCfg = Release|Any CPU
		{102A6D2B-15BC-4339-9D2E-57AA3A367090}.Release|Any CPU.Build.0 = Release|Any CPU
	EndGlobalSection
	GlobalSection(SolutionProperties) = preSolution
		HideSolutionNode = FALSE
	EndGlobalSection
	GlobalSection(ExtensibilityGlobals) = postSolution
		SolutionGuid = {F2A2C009-6DA5-4B68-9BEC-B4053354E704}
	EndGlobalSection
EndGlobal
